
Microsoft Visual Studio Solution File, Format Version 12.00
# Visual Studio Version 17
VisualStudioVersion = 17.9.34728.123
MinimumVisualStudioVersion = 10.0.40219.1
Project("{FAE04EC0-301F-11D3-BF4B-00C04F79EFBC}") = "Web1Hafta12.Web", "Web1Hafta12.Web\Web1Hafta12.Web.csproj", "{0B64EBFE-C718-42F8-866E-B583B1796C4D}"
EndProject
Global
	GlobalSection(SolutionConfigurationPlatforms) = preSolution
		Debug|Any CPU = Debug|Any CPU
		Release|Any CPU = Release|Any CPU
	EndGlobalSection
	GlobalSection(ProjectConfigurationPlatforms) = postSolution
		{0B64EBFE-C718-42F8-866E-B583B1796C4D}.Debug|Any CPU.ActiveCfg = Debug|Any CPU
		{0B64EBFE-C718-42F8-866E-B583B1796C4D}.Debug|Any CPU.Build.0 = Debug|Any CPU
		{0B64EBFE-C718-42F8-866E-B583B1796C4D}.Release|Any CPU.ActiveCfg = Release|Any CPU
		{0B64EBFE-C718-42F8-866E-B583B1796C4D}.Release|Any CPU.Build.0 = Release|Any CPU
	EndGlobalSection
	GlobalSection(SolutionProperties) = preSolution
		HideSolutionNode = FALSE
	EndGlobalSection
	GlobalSection(ExtensibilityGlobals) = postSolution
		SolutionGuid = {3C65E145-CFFE-42FD-931E-9AAC793F1519}
	EndGlobalSection
EndGlobal
